
Microsoft Visual Studio Solution File, Format Version 12.00
# Visual Studio Version 17
VisualStudioVersion = 17.10.34916.146
MinimumVisualStudioVersion = 10.0.40219.1
Project("{FAE04EC0-301F-11D3-BF4B-00C04F79EFBC}") = "ProjectQuanTM", "ProjectQuanTM\ProjectQuanTM.csproj", "{5338888A-3905-4F00-B6B0-E07DF46A9FFD}"
EndProject
Global
	GlobalSection(SolutionConfigurationPlatforms) = preSolution
		Debug|Any CPU = Debug|Any CPU
		Release|Any CPU = Release|Any CPU
	EndGlobalSection
	GlobalSection(ProjectConfigurationPlatforms) = postSolution
		{5338888A-3905-4F00-B6B0-E07DF46A9FFD}.Debug|Any CPU.ActiveCfg = Debug|Any CPU
		{5338888A-3905-4F00-B6B0-E07DF46A9FFD}.Debug|Any CPU.Build.0 = Debug|Any CPU
		{5338888A-3905-4F00-B6B0-E07DF46A9FFD}.Release|Any CPU.ActiveCfg = Release|Any CPU
		{5338888A-3905-4F00-B6B0-E07DF46A9FFD}.Release|Any CPU.Build.0 = Release|Any CPU
	EndGlobalSection
	GlobalSection(SolutionProperties) = preSolution
		HideSolutionNode = FALSE
	EndGlobalSection
	GlobalSection(ExtensibilityGlobals) = postSolution
		SolutionGuid = {F0C39571-874C-428F-A6F1-7E2D75C1B1ED}
	EndGlobalSection
EndGlobal
